{
  "version": 4,
  "terraform_version": "1.14.3",
  "serial": 286,
  "lineage": "ec3a441a-95f5-b082-d7e6-89b1e9f13891",
  "outputs": {
    "ansible_inventory_file": {
      "value": "./Ansible/inventory/terraform.generated.yml",
      "type": "string"
    },
    "nodes_by_ip": {
      "value": {
        "bind9dns": "172.16.100.254",
        "git-lab": "172.16.100.40",
        "harbor": "172.16.100.50",
        "k3s-manager": "172.16.100.250",
        "k3s-worker-0": "172.16.100.251",
        "k3s-worker-1": "172.16.100.252",
        "reverse-proxy": "172.16.100.253",
        "tools-manager": "172.16.100.20"
      },
      "type": [
        "object",
        {
          "bind9dns": "string",
          "git-lab": "string",
          "harbor": "string",
          "k3s-manager": "string",
          "k3s-worker-0": "string",
          "k3s-worker-1": "string",
          "reverse-proxy": "string",
          "tools-manager": "string"
        }
      ]
    }
  },
  "resources": [
    {
      "mode": "managed",
      "type": "local_file",
      "name": "ansible_inventory",
      "provider": "provider[\"registry.terraform.io/hashicorp/local\"]",
      "instances": [
        {
          "schema_version": 0,
          "attributes": {
            "content": "\"all\":\n  \"children\":\n    \"bind9dns\":\n      \"hosts\":\n        \"bind9dns\": {}\n    \"taiga_hosts\":\n      \"hosts\":\n        \"tools-manager\": {}\n  \"hosts\":\n    \"bind9dns\":\n      \"ansible_host\": \"172.16.100.254\"\n    \"git-lab\":\n      \"ansible_host\": \"172.16.100.40\"\n    \"harbor\":\n      \"ansible_host\": \"172.16.100.50\"\n    \"k3s-manager\":\n      \"ansible_host\": \"172.16.100.250\"\n    \"k3s-worker-0\":\n      \"ansible_host\": \"172.16.100.251\"\n    \"k3s-worker-1\":\n      \"ansible_host\": \"172.16.100.252\"\n    \"reverse-proxy\":\n      \"ansible_host\": \"172.16.100.253\"\n    \"tools-manager\":\n      \"ansible_host\": \"172.16.100.20\"\n",
            "content_base64": null,
            "content_base64sha256": "gCj0cb7UD1rcdO7dK6zT0a7/Zbl6oIk+gtukApLdy3E=",
            "content_base64sha512": "2x1UHiSWiFW2GG+7DM/GB8rAy6svOV5Xp7qJPaNyuur3kKzzaIEGSWSODu3SNeIJx2wNQ28X1XOJOeEronewMQ==",
            "content_md5": "5e765edb1415b6789315761b856747fa",
            "content_sha1": "794b146d2d5c9f9695f690d05d9dc76612369efd",
            "content_sha256": "8028f471bed40f5adc74eedd2bacd3d1aeff65b97aa0893e82dba40292ddcb71",
            "content_sha512": "db1d541e24968855b6186fbb0ccfc607cac0cbab2f395e57a7ba893da372baeaf790acf368810649648e0eedd235e209c76c0d436f17d5738939e12ba277b031",
            "directory_permission": "0777",
            "file_permission": "0644",
            "filename": "./Ansible/inventory/terraform.generated.yml",
            "id": "794b146d2d5c9f9695f690d05d9dc76612369efd",
            "sensitive_content": null,
            "source": null
          },
          "sensitive_attributes": [
            [
              {
                "type": "get_attr",
                "value": "sensitive_content"
              }
            ]
          ],
          "identity_schema_version": 0
        }
      ]
    }
  ],
  "check_results": null
}
